// !$*UTF8*$!
{
	archiveVersion = 1;
	classes = {
	};
	objectVersion = 56;
	objects = {

/* Begin PBXBuildFile section */
		048DBC7F2C7CF22100542E0B /* Step_forms_aug2024App.swift in Sources */ = {isa = PBXBuildFile; fileRef = 048DBC7E2C7CF22100542E0B /* Step_forms_aug2024App.swift */; };
		048DBC812C7CF22100542E0B /* ContentView.swift in Sources */ = {isa = PBXBuildFile; fileRef = 048DBC802C7CF22100542E0B /* ContentView.swift */; };
		048DBC832C7CF22200542E0B /* Assets.xcassets in Resources */ = {isa = PBXBuildFile; fileRef = 048DBC822C7CF22200542E0B /* Assets.xcassets */; };
		048DBC862C7CF22200542E0B /* Preview Assets.xcassets in Resources */ = {isa = PBXBuildFile; fileRef = 048DBC852C7CF22200542E0B /* Preview Assets.xcassets */; };
		048DBC8D2C7CF29200542E0B /* PersonalInfoView.swift in Sources */ = {isa = PBXBuildFile; fileRef = 048DBC8C2C7CF29200542E0B /* PersonalInfoView.swift */; };
		048DBC8F2C7CF2B500542E0B /* DamageInfoView.swift in Sources */ = {isa = PBXBuildFile; fileRef = 048DBC8E2C7CF2B500542E0B /* DamageInfoView.swift */; };
		048DBC912C7CF2D300542E0B /* AddressView.swift in Sources */ = {isa = PBXBuildFile; fileRef = 048DBC902C7CF2D300542E0B /* AddressView.swift */; };
		048DBC932C7CF30200542E0B /* ReviewView.swift in Sources */ = {isa = PBXBuildFile; fileRef = 048DBC922C7CF30200542E0B /* ReviewView.swift */; };
		048DBC952C7CF31F00542E0B /* Models.swift in Sources */ = {isa = PBXBuildFile; fileRef = 048DBC942C7CF31F00542E0B /* Models.swift */; };
/* End PBXBuildFile section */

/* Begin PBXFileReference section */
		048DBC7B2C7CF22100542E0B /* Step_forms_aug2024.app */ = {isa = PBXFileReference; explicitFileType = wrapper.application; includeInIndex = 0; path = Step_forms_aug2024.app; sourceTree = BUILT_PRODUCTS_DIR; };
		048DBC7E2C7CF22100542E0B /* Step_forms_aug2024App.swift */ = {isa = PBXFileReference; lastKnownFileType = sourcecode.swift; path = Step_forms_aug2024App.swift; sourceTree = "<group>"; };
		048DBC802C7CF22100542E0B /* ContentView.swift */ = {isa = PBXFileReference; lastKnownFileType = sourcecode.swift; path = ContentView.swift; sourceTree = "<group>"; };
		048DBC822C7CF22200542E0B /* Assets.xcassets */ = {isa = PBXFileReference; lastKnownFileType = folder.assetcatalog; path = Assets.xcassets; sourceTree = "<group>"; };
		048DBC852C7CF22200542E0B /* Preview Assets.xcassets */ = {isa = PBXFileReference; lastKnownFileType = folder.assetcatalog; path = "Preview Assets.xcassets"; sourceTree = "<group>"; };
		048DBC8C2C7CF29200542E0B /* PersonalInfoView.swift */ = {isa = PBXFileReference; lastKnownFileType = sourcecode.swift; path = PersonalInfoView.swift; sourceTree = "<group>"; };
		048DBC8E2C7CF2B500542E0B /* DamageInfoView.swift */ = {isa = PBXFileReference; lastKnownFileType = sourcecode.swift; path = DamageInfoView.swift; sourceTree = "<group>"; };
		048DBC902C7CF2D300542E0B /* AddressView.swift */ = {isa = PBXFileReference; lastKnownFileType = sourcecode.swift; path = AddressView.swift; sourceTree = "<group>"; };
		048DBC922C7CF30200542E0B /* ReviewView.swift */ = {isa = PBXFileReference; lastKnownFileType = sourcecode.swift; path = ReviewView.swift; sourceTree = "<group>"; };
		048DBC942C7CF31F00542E0B /* Models.swift */ = {isa = PBXFileReference; lastKnownFileType = sourcecode.swift; path = Models.swift; sourceTree = "<group>"; };
/* End PBXFileReference section */

/* Begin PBXFrameworksBuildPhase section */
		048DBC782C7CF22100542E0B /* Frameworks */ = {
			isa = PBXFrameworksBuildPhase;
			buildActionMask = 2147483647;
			files = (
			);
			runOnlyForDeploymentPostprocessing = 0;
		};
/* End PBXFrameworksBuildPhase section */

/* Begin PBXGroup section */
		048DBC722C7CF22100542E0B = {
			isa = PBXGroup;
			children = (
				048DBC7D2C7CF22100542E0B /* Step_forms_aug2024 */,
				048DBC7C2C7CF22100542E0B /* Products */,
			);
			sourceTree = "<group>";
		};
		048DBC7C2C7CF22100542E0B /* Products */ = {
			isa = PBXGroup;
			children = (
				048DBC7B2C7CF22100542E0B /* Step_forms_aug2024.app */,
			);
			name = Products;
			sourceTree = "<group>";
		};
		048DBC7D2C7CF22100542E0B /* Step_forms_aug2024 */ = {
			isa = PBXGroup;
			children = (
				048DBC7E2C7CF22100542E0B /* Step_forms_aug2024App.swift */,
				048DBC802C7CF22100542E0B /* ContentView.swift */,
				048DBC8C2C7CF29200542E0B /* PersonalInfoView.swift */,
				048DBC8E2C7CF2B500542E0B /* DamageInfoView.swift */,
				048DBC902C7CF2D300542E0B /* AddressView.swift */,
				048DBC922C7CF30200542E0B /* ReviewView.swift */,
				048DBC942C7CF31F00542E0B /* Models.swift */,
				048DBC822C7CF22200542E0B /* Assets.xcassets */,
				048DBC842C7CF22200542E0B /* Preview Content */,
			);
			path = Step_forms_aug2024;
			sourceTree = "<group>";
		};
		048DBC842C7CF22200542E0B /* Preview Content */ = {
			isa = PBXGroup;
			children = (
				048DBC852C7CF22200542E0B /* Preview Assets.xcassets */,
			);
			path = "Preview Content";
			sourceTree = "<group>";
		};
/* End PBXGroup section */

/* Begin PBXNativeTarget section */
		048DBC7A2C7CF22100542E0B /* Step_forms_aug2024 */ = {
			isa = PBXNativeTarget;
			buildConfigurationList = 048DBC892C7CF22200542E0B /* Build configuration list for PBXNativeTarget "Step_forms_aug2024" */;
			buildPhases = (
				048DBC772C7CF22100542E0B /* Sources */,
				048DBC782C7CF22100542E0B /* Frameworks */,
				048DBC792C7CF22100542E0B /* Resources */,
			);
			buildRules = (
			);
			dependencies = (
			);
			name = Step_forms_aug2024;
			productName = Step_forms_aug2024;
			productReference = 048DBC7B2C7CF22100542E0B /* Step_forms_aug2024.app */;
			productType = "com.apple.product-type.application";
		};
/* End PBXNativeTarget section */

/* Begin PBXProject section */
		048DBC732C7CF22100542E0B /* Project object */ = {
			isa = PBXProject;
			attributes = {
				BuildIndependentTargetsInParallel = 1;
				LastSwiftUpdateCheck = 1540;
				LastUpgradeCheck = 1540;
				TargetAttributes = {
					048DBC7A2C7CF22100542E0B = {
						CreatedOnToolsVersion = 15.4;
					};
				};
			};
			buildConfigurationList = 048DBC762C7CF22100542E0B /* Build configuration list for PBXProject "Step_forms_aug2024" */;
			compatibilityVersion = "Xcode 14.0";
			developmentRegion = en;
			hasScannedForEncodings = 0;
			knownRegions = (
				en,
				Base,
			);
			mainGroup = 048DBC722C7CF22100542E0B;
			productRefGroup = 048DBC7C2C7CF22100542E0B /* Products */;
			projectDirPath = "";
			projectRoot = "";
			targets = (
				048DBC7A2C7CF22100542E0B /* Step_forms_aug2024 */,
			);
		};
/* End PBXProject section */

/* Begin PBXResourcesBuildPhase section */
		048DBC792C7CF22100542E0B /* Resources */ = {
			isa = PBXResourcesBuildPhase;
			buildActionMask = 2147483647;
			files = (
				048DBC862C7CF22200542E0B /* Preview Assets.xcassets in Resources */,
				048DBC832C7CF22200542E0B /* Assets.xcassets in Resources */,
			);
			runOnlyForDeploymentPostprocessing = 0;
		};
/* End PBXResourcesBuildPhase section */

/* Begin PBXSourcesBuildPhase section */
		048DBC772C7CF22100542E0B /* Sources */ = {
			isa = PBXSourcesBuildPhase;
			buildActionMask = 2147483647;
			files = (
				048DBC8D2C7CF29200542E0B /* PersonalInfoView.swift in Sources */,
				048DBC8F2C7CF2B500542E0B /* DamageInfoView.swift in Sources */,
				048DBC812C7CF22100542E0B /* ContentView.swift in Sources */,
				048DBC7F2C7CF22100542E0B /* Step_forms_aug2024App.swift in Sources */,
				048DBC932C7CF30200542E0B /* ReviewView.swift in Sources */,
				048DBC912C7CF2D300542E0B /* AddressView.swift in Sources */,
				048DBC952C7CF31F00542E0B /* Models.swift in Sources */,
			);
			runOnlyForDeploymentPostprocessing = 0;
		};
/* End PBXSourcesBuildPhase section */

/* Begin XCBuildConfiguration section */
		048DBC872C7CF22200542E0B /* Debug */ = {
			isa = XCBuildConfiguration;
			buildSettings = {
				ALWAYS_SEARCH_USER_PATHS = NO;
				ASSETCATALOG_COMPILER_GENERATE_SWIFT_ASSET_SYMBOL_EXTENSIONS = YES;
				CLANG_ANALYZER_NONNULL = YES;
				CLANG_ANALYZER_NUMBER_OBJECT_CONVERSION = YES_AGGRESSIVE;
				CLANG_CXX_LANGUAGE_STANDARD = "gnu++20";
				CLANG_ENABLE_MODULES = YES;
				CLANG_ENABLE_OBJC_ARC = YES;
				CLANG_ENABLE_OBJC_WEAK = YES;
				CLANG_WARN_BLOCK_CAPTURE_AUTORELEASING = YES;
				CLANG_WARN_BOOL_CONVERSION = YES;
				CLANG_WARN_COMMA = YES;
				CLANG_WARN_CONSTANT_CONVERSION = YES;
				CLANG_WARN_DEPRECATED_OBJC_IMPLEMENTATIONS = YES;
				CLANG_WARN_DIRECT_OBJC_ISA_USAGE = YES_ERROR;
				CLANG_WARN_DOCUMENTATION_COMMENTS = YES;
				CLANG_WARN_EMPTY_BODY = YES;
				CLANG_WARN_ENUM_CONVERSION = YES;
				CLANG_WARN_INFINITE_RECURSION = YES;
				CLANG_WARN_INT_CONVERSION = YES;
				CLANG_WARN_NON_LITERAL_NULL_CONVERSION = YES;
				CLANG_WARN_OBJC_IMPLICIT_RETAIN_SELF = YES;
				CLANG_WARN_OBJC_LITERAL_CONVERSION = YES;
				CLANG_WARN_OBJC_ROOT_CLASS = YES_ERROR;
				CLANG_WARN_QUOTED_INCLUDE_IN_FRAMEWORK_HEADER = YES;
				CLANG_WARN_RANGE_LOOP_ANALYSIS = YES;
				CLANG_WARN_STRICT_PROTOTYPES = YES;
				CLANG_WARN_SUSPICIOUS_MOVE = YES;
				CLANG_WARN_UNGUARDED_AVAILABILITY = YES_AGGRESSIVE;
				CLANG_WARN_UNREACHABLE_CODE = YES;
				CLANG_WARN__DUPLICATE_METHOD_MATCH = YES;
				COPY_PHASE_STRIP = NO;
				DEBUG_INFORMATION_FORMAT = dwarf;
				ENABLE_STRICT_OBJC_MSGSEND = YES;
				ENABLE_TESTABILITY = YES;
				ENABLE_USER_SCRIPT_SANDBOXING = YES;
				GCC_C_LANGUAGE_STANDARD = gnu17;
				GCC_DYNAMIC_NO_PIC = NO;
				GCC_NO_COMMON_BLOCKS = YES;
				GCC_OPTIMIZATION_LEVEL = 0;
				GCC_PREPROCESSOR_DEFINITIONS = (
					"DEBUG=1",
					"$(inherited)",
				);
				GCC_WARN_64_TO_32_BIT_CONVERSION = YES;
				GCC_WARN_ABOUT_RETURN_TYPE = YES_ERROR;
				GCC_WARN_UNDECLARED_SELECTOR = YES;
				GCC_WARN_UNINITIALIZED_AUTOS = YES_AGGRESSIVE;
				GCC_WARN_UNUSED_FUNCTION = YES;
				GCC_WARN_UNUSED_VARIABLE = YES;
				IPHONEOS_DEPLOYMENT_TARGET = 17.5;
				LOCALIZATION_PREFERS_STRING_CATALOGS = YES;
				MTL_ENABLE_DEBUG_INFO = INCLUDE_SOURCE;
				MTL_FAST_MATH = YES;
				ONLY_ACTIVE_ARCH = YES;
				SDKROOT = iphoneos;
				SWIFT_ACTIVE_COMPILATION_CONDITIONS = "DEBUG $(inherited)";
				SWIFT_OPTIMIZATION_LEVEL = "-Onone";
			};
			name = Debug;
		};
		048DBC882C7CF22200542E0B /* Release */ = {
			isa = XCBuildConfiguration;
			buildSettings = {
				ALWAYS_SEARCH_USER_PATHS = NO;
				ASSETCATALOG_COMPILER_GENERATE_SWIFT_ASSET_SYMBOL_EXTENSIONS = YES;
				CLANG_ANALYZER_NONNULL = YES;
				CLANG_ANALYZER_NUMBER_OBJECT_CONVERSION = YES_AGGRESSIVE;
				CLANG_CXX_LANGUAGE_STANDARD = "gnu++20";
				CLANG_ENABLE_MODULES = YES;
				CLANG_ENABLE_OBJC_ARC = YES;
				CLANG_ENABLE_OBJC_WEAK = YES;
				CLANG_WARN_BLOCK_CAPTURE_AUTORELEASING = YES;
				CLANG_WARN_BOOL_CONVERSION = YES;
				CLANG_WARN_COMMA = YES;
				CLANG_WARN_CONSTANT_CONVERSION = YES;
				CLANG_WARN_DEPRECATED_OBJC_IMPLEMENTATIONS = YES;
				CLANG_WARN_DIRECT_OBJC_ISA_USAGE = YES_ERROR;
				CLANG_WARN_DOCUMENTATION_COMMENTS = YES;
				CLANG_WARN_EMPTY_BODY = YES;
				CLANG_WARN_ENUM_CONVERSION = YES;
				CLANG_WARN_INFINITE_RECURSION = YES;
				CLANG_WARN_INT_CONVERSION = YES;
				CLANG_WARN_NON_LITERAL_NULL_CONVERSION = YES;
				CLANG_WARN_OBJC_IMPLICIT_RETAIN_SELF = YES;
				CLANG_WARN_OBJC_LITERAL_CONVERSION = YES;
				CLANG_WARN_OBJC_ROOT_CLASS = YES_ERROR;
				CLANG_WARN_QUOTED_INCLUDE_IN_FRAMEWORK_HEADER = YES;
				CLANG_WARN_RANGE_LOOP_ANALYSIS = YES;
				CLANG_WARN_STRICT_PROTOTYPES = YES;
				CLANG_WARN_SUSPICIOUS_MOVE = YES;
				CLANG_WARN_UNGUARDED_AVAILABILITY = YES_AGGRESSIVE;
				CLANG_WARN_UNREACHABLE_CODE = YES;
				CLANG_WARN__DUPLICATE_METHOD_MATCH = YES;
				COPY_PHASE_STRIP = NO;
				DEBUG_INFORMATION_FORMAT = "dwarf-with-dsym";
				ENABLE_NS_ASSERTIONS = NO;
				ENABLE_STRICT_OBJC_MSGSEND = YES;
				ENABLE_USER_SCRIPT_SANDBOXING = YES;
				GCC_C_LANGUAGE_STANDARD = gnu17;
				GCC_NO_COMMON_BLOCKS = YES;
				GCC_WARN_64_TO_32_BIT_CONVERSION = YES;
				GCC_WARN_ABOUT_RETURN_TYPE = YES_ERROR;
				GCC_WARN_UNDECLARED_SELECTOR = YES;
				GCC_WARN_UNINITIALIZED_AUTOS = YES_AGGRESSIVE;
				GCC_WARN_UNUSED_FUNCTION = YES;
				GCC_WARN_UNUSED_VARIABLE = YES;
				IPHONEOS_DEPLOYMENT_TARGET = 17.5;
				LOCALIZATION_PREFERS_STRING_CATALOGS = YES;
				MTL_ENABLE_DEBUG_INFO = NO;
				MTL_FAST_MATH = YES;
				SDKROOT = iphoneos;
				SWIFT_COMPILATION_MODE = wholemodule;
				VALIDATE_PRODUCT = YES;
			};
			name = Release;
		};
		048DBC8A2C7CF22200542E0B /* Debug */ = {
			isa = XCBuildConfiguration;
			buildSettings = {
				ASSETCATALOG_COMPILER_APPICON_NAME = AppIcon;
				ASSETCATALOG_COMPILER_GLOBAL_ACCENT_COLOR_NAME = AccentColor;
				CODE_SIGN_STYLE = Automatic;
				CURRENT_PROJECT_VERSION = 1;
				DEVELOPMENT_ASSET_PATHS = "\"Step_forms_aug2024/Preview Content\"";
				ENABLE_PREVIEWS = YES;
				GENERATE_INFOPLIST_FILE = YES;
				INFOPLIST_KEY_UIApplicationSceneManifest_Generation = YES;
				INFOPLIST_KEY_UIApplicationSupportsIndirectInputEvents = YES;
				INFOPLIST_KEY_UILaunchScreen_Generation = YES;
				INFOPLIST_KEY_UISupportedInterfaceOrientations_iPad = "UIInterfaceOrientationPortrait UIInterfaceOrientationPortraitUpsideDown UIInterfaceOrientationLandscapeLeft UIInterfaceOrientationLandscapeRight";
				INFOPLIST_KEY_UISupportedInterfaceOrientations_iPhone = "UIInterfaceOrientationPortrait UIInterfaceOrientationLandscapeLeft UIInterfaceOrientationLandscapeRight";
				LD_RUNPATH_SEARCH_PATHS = (
					"$(inherited)",
					"@executable_path/Frameworks",
				);
				MARKETING_VERSION = 1.0;
				PRODUCT_BUNDLE_IDENTIFIER = "abc.Step-forms-aug2024";
				PRODUCT_NAME = "$(TARGET_NAME)";
				SWIFT_EMIT_LOC_STRINGS = YES;
				SWIFT_VERSION = 5.0;
				TARGETED_DEVICE_FAMILY = "1,2";
			};
			name = Debug;
		};
		048DBC8B2C7CF22200542E0B /* Release */ = {
			isa = XCBuildConfiguration;
			buildSettings = {
				ASSETCATALOG_COMPILER_APPICON_NAME = AppIcon;
				ASSETCATALOG_COMPILER_GLOBAL_ACCENT_COLOR_NAME = AccentColor;
				CODE_SIGN_STYLE = Automatic;
				CURRENT_PROJECT_VERSION = 1;
				DEVELOPMENT_ASSET_PATHS = "\"Step_forms_aug2024/Preview Content\"";
				ENABLE_PREVIEWS = YES;
				GENERATE_INFOPLIST_FILE = YES;
				INFOPLIST_KEY_UIApplicationSceneManifest_Generation = YES;
				INFOPLIST_KEY_UIApplicationSupportsIndirectInputEvents = YES;
				INFOPLIST_KEY_UILaunchScreen_Generation = YES;
				INFOPLIST_KEY_UISupportedInterfaceOrientations_iPad = "UIInterfaceOrientationPortrait UIInterfaceOrientationPortraitUpsideDown UIInterfaceOrientationLandscapeLeft UIInterfaceOrientationLandscapeRight";
				INFOPLIST_KEY_UISupportedInterfaceOrientations_iPhone = "UIInterfaceOrientationPortrait UIInterfaceOrientationLandscapeLeft UIInterfaceOrientationLandscapeRight";
				LD_RUNPATH_SEARCH_PATHS = (
					"$(inherited)",
					"@executable_path/Frameworks",
				);
				MARKETING_VERSION = 1.0;
				PRODUCT_BUNDLE_IDENTIFIER = "abc.Step-forms-aug2024";
				PRODUCT_NAME = "$(TARGET_NAME)";
				SWIFT_EMIT_LOC_STRINGS = YES;
				SWIFT_VERSION = 5.0;
				TARGETED_DEVICE_FAMILY = "1,2";
			};
			name = Release;
		};
/* End XCBuildConfiguration section */

/* Begin XCConfigurationList section */
		048DBC762C7CF22100542E0B /* Build configuration list for PBXProject "Step_forms_aug2024" */ = {
			isa = XCConfigurationList;
			buildConfigurations = (
				048DBC872C7CF22200542E0B /* Debug */,
				048DBC882C7CF22200542E0B /* Release */,
			);
			defaultConfigurationIsVisible = 0;
			defaultConfigurationName = Release;
		};
		048DBC892C7CF22200542E0B /* Build configuration list for PBXNativeTarget "Step_forms_aug2024" */ = {
			isa = XCConfigurationList;
			buildConfigurations = (
				048DBC8A2C7CF22200542E0B /* Debug */,
				048DBC8B2C7CF22200542E0B /* Release */,
			);
			defaultConfigurationIsVisible = 0;
			defaultConfigurationName = Release;
		};
/* End XCConfigurationList section */
	};
	rootObject = 048DBC732C7CF22100542E0B /* Project object */;
}
